{
  "name": "1415fee72ff6294b",
  "lockfileVersion": 2,
  "requires": true,
  "packages": {
    "": {
      "dependencies": {
        "create-vite": "^4.4.0"
      }
    },
    "node_modules/create-vite": {
      "version": "4.4.0",
      "resolved": "https://registry.npmjs.org/create-vite/-/create-vite-4.4.0.tgz",
      "integrity": "sha512-xheOoE/5pCF06rKTPLozLQbzUGQ0n+rutlhwStHTS4ruGgUYTtMCajrfGCCHSd0otKOn20aIU7mpK14Sgw/s3g==",
      "bin": {
        "create-vite": "index.js",
        "cva": "index.js"
      },
      "engines": {
        "node": "^14.18.0 || >=16.0.0"
      },
      "funding": {
        "url": "https://github.com/vitejs/vite?sponsor=1"
      }
    }
  },
  "dependencies": {
    "create-vite": {
      "version": "4.4.0",
      "resolved": "https://registry.npmjs.org/create-vite/-/create-vite-4.4.0.tgz",
      "integrity": "sha512-xheOoE/5pCF06rKTPLozLQbzUGQ0n+rutlhwStHTS4ruGgUYTtMCajrfGCCHSd0otKOn20aIU7mpK14Sgw/s3g=="
    }
  }
}
